
Microsoft Visual Studio Solution File, Format Version 12.00
# Visual Studio Version 17
VisualStudioVersion = 17.1.32414.318
MinimumVisualStudioVersion = 10.0.40219.1
Project("{FAE04EC0-301F-11D3-BF4B-00C04F79EFBC}") = "GroupProjectService", "GroupProjectService.csproj", "{DE1C9A77-9BFA-4F26-AF75-BE065AD98256}"
EndProject
Global
	GlobalSection(SolutionConfigurationPlatforms) = preSolution
		Debug|Any CPU = Debug|Any CPU
		Release|Any CPU = Release|Any CPU
	EndGlobalSection
	GlobalSection(ProjectConfigurationPlatforms) = postSolution
		{DE1C9A77-9BFA-4F26-AF75-BE065AD98256}.Debug|Any CPU.ActiveCfg = Debug|Any CPU
		{DE1C9A77-9BFA-4F26-AF75-BE065AD98256}.Debug|Any CPU.Build.0 = Debug|Any CPU
		{DE1C9A77-9BFA-4F26-AF75-BE065AD98256}.Release|Any CPU.ActiveCfg = Release|Any CPU
		{DE1C9A77-9BFA-4F26-AF75-BE065AD98256}.Release|Any CPU.Build.0 = Release|Any CPU
	EndGlobalSection
	GlobalSection(SolutionProperties) = preSolution
		HideSolutionNode = FALSE
	EndGlobalSection
	GlobalSection(ExtensibilityGlobals) = postSolution
		SolutionGuid = {6BAFA83E-6D15-4BDA-B815-4F7CFFBB2A73}
	EndGlobalSection
EndGlobal
